<?xml version="1.0" encoding="utf-8"?>
<Project ToolsVersion="4.0" xmlns="http://schemas.microsoft.com/developer/msbuild/2003">
  <ItemGroup>
    <Filter Include="Source Files">
      <UniqueIdentifier>{4FC737F1-C7A5-4376-A066-2A32D752A2FF}</UniqueIdentifier>
      <Extensions>cpp;c;cc;cxx;c++;cppm;ixx;def;odl;idl;hpj;bat;asm;asmx</Extensions>
    </Filter>
    <Filter Include="Header Files">
      <UniqueIdentifier>{93995380-89BD-4b04-88EB-625FBE52EBFB}</UniqueIdentifier>
      <Extensions>h;hh;hpp;hxx;h++;hm;inl;inc;ipp;xsd</Extensions>
    </Filter>
    <Filter Include="Resource Files">
      <UniqueIdentifier>{67DA6AB6-F800-4c08-8B7A-83BB121AAD01}</UniqueIdentifier>
      <Extensions>rc;ico;cur;bmp;dlg;rc2;rct;bin;rgs;gif;jpg;jpeg;jpe;resx;tiff;tif;png;wav;mfcribbon-ms</Extensions>
    </Filter>
    <Filter Include="Header Files\Entity">
      <UniqueIdentifier>{491bd522-2991-45ca-9123-ffa2d3fba646}</UniqueIdentifier>
    </Filter>
    <Filter Include="Source Files\Entity">
      <UniqueIdentifier>{dc9f198c-f3e3-4870-b1a3-341c1373d032}</UniqueIdentifier>
    </Filter>
    <Filter Include="Header Files\Input">
      <UniqueIdentifier>{69293780-326c-4393-85e5-d316ac593966}</UniqueIdentifier>
    </Filter>
    <Filter Include="Source Files\Input">
      <UniqueIdentifier>{d35b199c-1f6e-454f-a195-8bf48d3f34a7}</UniqueIdentifier>
    </Filter>
    <Filter Include="Header Files\Render">
      <UniqueIdentifier>{2a7e7511-8fe3-46e8-89b9-efb310ed8d97}</UniqueIdentifier>
    </Filter>
    <Filter Include="Source Files\Render">
      <UniqueIdentifier>{87c58b7b-8e0a-46e3-9717-512395e8e1fc}</UniqueIdentifier>
    </Filter>
    <Filter Include="Header Files\Engine">
      <UniqueIdentifier>{f2fbb021-bbb0-4c30-889f-8322941690cd}</UniqueIdentifier>
    </Filter>
    <Filter Include="Source Files\Engine">
      <UniqueIdentifier>{65d36902-6934-4c98-aa89-97a136aa9800}</UniqueIdentifier>
    </Filter>
  </ItemGroup>
  <ItemGroup>
    <ClInclude Include="Game\Engine\Vector.h">
      <Filter>Header Files\Engine</Filter>
    </ClInclude>
    <ClInclude Include="Game\Entity\Alien.h">
      <Filter>Header Files\Entity</Filter>
    </ClInclude>
    <ClInclude Include="Game\Entity\AlienLaser.h">
      <Filter>Header Files\Entity</Filter>
    </ClInclude>
    <ClInclude Include="Game\Entity\GameObject.h">
      <Filter>Header Files\Entity</Filter>
    </ClInclude>
    <ClInclude Include="Game\Entity\PlayerLaser.h">
      <Filter>Header Files\Entity</Filter>
    </ClInclude>
    <ClInclude Include="Game\Entity\PlayerShip.h">
      <Filter>Header Files\Entity</Filter>
    </ClInclude>
    <ClInclude Include="Game\Engine\PlayField.h">
      <Filter>Header Files\Engine</Filter>
    </ClInclude>
    <ClInclude Include="Game\Input\Input.h">
      <Filter>Header Files\Input</Filter>
    </ClInclude>
    <ClInclude Include="Game\Render\ConsoleRenderer.h">
      <Filter>Header Files\Render</Filter>
    </ClInclude>
    <ClInclude Include="Game\Input\PlayerBind.h">
      <Filter>Header Files\Input</Filter>
    </ClInclude>
    <ClInclude Include="Game\Entity\Rock.h">
      <Filter>Header Files\Entity</Filter>
    </ClInclude>
  </ItemGroup>
  <ItemGroup>
    <ClCompile Include="Main.cpp">
      <Filter>Source Files</Filter>
    </ClCompile>
    <ClCompile Include="Game\Entity\GameObject.cpp">
      <Filter>Source Files\Entity</Filter>
    </ClCompile>
    <ClCompile Include="Game\Entity\Alien.cpp">
      <Filter>Source Files\Entity</Filter>
    </ClCompile>
    <ClCompile Include="Game\Entity\AlienLaser.cpp">
      <Filter>Source Files\Entity</Filter>
    </ClCompile>
    <ClCompile Include="Game\Entity\PlayerLaser.cpp">
      <Filter>Source Files\Entity</Filter>
    </ClCompile>
    <ClCompile Include="Game\Entity\PlayerShip.cpp">
      <Filter>Source Files\Entity</Filter>
    </ClCompile>
    <ClCompile Include="Game\Engine\PlayField.cpp">
      <Filter>Source Files\Engine</Filter>
    </ClCompile>
    <ClCompile Include="Game\Input\Input.cpp">
      <Filter>Source Files\Input</Filter>
    </ClCompile>
    <ClCompile Include="Game\Render\ConsoleRenderer.cpp">
      <Filter>Source Files\Render</Filter>
    </ClCompile>
    <ClCompile Include="Game\Entity\Rock.cpp">
      <Filter>Source Files\Entity</Filter>
    </ClCompile>
  </ItemGroup>
  <ItemGroup>
    <None Include="..\README.md">
      <Filter>Source Files</Filter>
    </None>
  </ItemGroup>
</Project>